
Microsoft Visual Studio Solution File, Format Version 12.00
# Visual Studio Version 17
VisualStudioVersion = 17.9.34616.47
MinimumVisualStudioVersion = 10.0.40219.1
Project("{FAE04EC0-301F-11D3-BF4B-00C04F79EFBC}") = "DataAccess", "DataAccess\DataAccess.csproj", "{CF1DEBCC-E0A7-4A2C-AAC9-D88793F2E1AA}"
EndProject
Project("{FAE04EC0-301F-11D3-BF4B-00C04F79EFBC}") = "Business", "Business\Business.csproj", "{8D9A11CC-3628-4D89-9F3E-47BEA433BB93}"
EndProject
Project("{FAE04EC0-301F-11D3-BF4B-00C04F79EFBC}") = "Entities", "Entities\Entities.csproj", "{04C2051F-1578-496E-89B1-408778D23F57}"
EndProject
Project("{FAE04EC0-301F-11D3-BF4B-00C04F79EFBC}") = "ConsoleUI", "ConsoleUI\ConsoleUI.csproj", "{CC4FFB90-BD5D-47F3-BC43-A9B72E6321D8}"
EndProject
Global
	GlobalSection(SolutionConfigurationPlatforms) = preSolution
		Debug|Any CPU = Debug|Any CPU
		Release|Any CPU = Release|Any CPU
	EndGlobalSection
	GlobalSection(ProjectConfigurationPlatforms) = postSolution
		{CF1DEBCC-E0A7-4A2C-AAC9-D88793F2E1AA}.Debug|Any CPU.ActiveCfg = Debug|Any CPU
		{CF1DEBCC-E0A7-4A2C-AAC9-D88793F2E1AA}.Debug|Any CPU.Build.0 = Debug|Any CPU
		{CF1DEBCC-E0A7-4A2C-AAC9-D88793F2E1AA}.Release|Any CPU.ActiveCfg = Release|Any CPU
		{CF1DEBCC-E0A7-4A2C-AAC9-D88793F2E1AA}.Release|Any CPU.Build.0 = Release|Any CPU
		{8D9A11CC-3628-4D89-9F3E-47BEA433BB93}.Debug|Any CPU.ActiveCfg = Debug|Any CPU
		{8D9A11CC-3628-4D89-9F3E-47BEA433BB93}.Debug|Any CPU.Build.0 = Debug|Any CPU
		{8D9A11CC-3628-4D89-9F3E-47BEA433BB93}.Release|Any CPU.ActiveCfg = Release|Any CPU
		{8D9A11CC-3628-4D89-9F3E-47BEA433BB93}.Release|Any CPU.Build.0 = Release|Any CPU
		{04C2051F-1578-496E-89B1-408778D23F57}.Debug|Any CPU.ActiveCfg = Debug|Any CPU
		{04C2051F-1578-496E-89B1-408778D23F57}.Debug|Any CPU.Build.0 = Debug|Any CPU
		{04C2051F-1578-496E-89B1-408778D23F57}.Release|Any CPU.ActiveCfg = Release|Any CPU
		{04C2051F-1578-496E-89B1-408778D23F57}.Release|Any CPU.Build.0 = Release|Any CPU
		{CC4FFB90-BD5D-47F3-BC43-A9B72E6321D8}.Debug|Any CPU.ActiveCfg = Debug|Any CPU
		{CC4FFB90-BD5D-47F3-BC43-A9B72E6321D8}.Debug|Any CPU.Build.0 = Debug|Any CPU
		{CC4FFB90-BD5D-47F3-BC43-A9B72E6321D8}.Release|Any CPU.ActiveCfg = Release|Any CPU
		{CC4FFB90-BD5D-47F3-BC43-A9B72E6321D8}.Release|Any CPU.Build.0 = Release|Any CPU
	EndGlobalSection
	GlobalSection(SolutionProperties) = preSolution
		HideSolutionNode = FALSE
	EndGlobalSection
	GlobalSection(ExtensibilityGlobals) = postSolution
		SolutionGuid = {4FE33BEB-C7BA-4BB6-908F-1941BFEEEF0F}
	EndGlobalSection
EndGlobal
